// !$*UTF8*$!
{
	archiveVersion = 1;
	classes = {
	};
	objectVersion = 77;
	objects = {

/* Begin PBXContainerItemProxy section */
		70D83DD42FAA7D6A0094FEF5 /* PBXContainerItemProxy */ = {
			isa = PBXContainerItemProxy;
			containerPortal = 70D83DBC2FAA7D680094FEF5 /* Project object */;
			proxyType = 1;
			remoteGlobalIDString = 70D83DC32FAA7D680094FEF5;
			remoteInfo = FinanceTracker;
		};
		70D83DDE2FAA7D6A0094FEF5 /* PBXContainerItemProxy */ = {
			isa = PBXContainerItemProxy;
			containerPortal = 70D83DBC2FAA7D680094FEF5 /* Project object */;
			proxyType = 1;
			remoteGlobalIDString = 70D83DC32FAA7D680094FEF5;
			remoteInfo = FinanceTracker;
		};
/* End PBXContainerItemProxy section */

/* Begin PBXFileReference section */
		70D83DC42FAA7D680094FEF5 /* FinanceTracker.app */ = {isa = PBXFileReference; explicitFileType = wrapper.application; includeInIndex = 0; path = FinanceTracker.app; sourceTree = BUILT_PRODUCTS_DIR; };
		70D83DD32FAA7D6A0094FEF5 /* FinanceTrackerTests.xctest */ = {isa = PBXFileReference; explicitFileType = wrapper.cfbundle; includeInIndex = 0; path = FinanceTrackerTests.xctest; sourceTree = BUILT_PRODUCTS_DIR; };
		70D83DDD2FAA7D6A0094FEF5 /* FinanceTrackerUITests.xctest */ = {isa = PBXFileReference; explicitFileType = wrapper.cfbundle; includeInIndex = 0; path = FinanceTrackerUITests.xctest; sourceTree = BUILT_PRODUCTS_DIR; };
/* End PBXFileReference section */

/* Begin PBXFileSystemSynchronizedRootGroup section */
		70D83DC62FAA7D680094FEF5 /* FinanceTracker */ = {
			isa = PBXFileSystemSynchronizedRootGroup;
			path = FinanceTracker;
			sourceTree = "<group>";
		};
		70D83DD62FAA7D6A0094FEF5 /* FinanceTrackerTests */ = {
			isa = PBXFileSystemSynchronizedRootGroup;
			path = FinanceTrackerTests;
			sourceTree = "<group>";
		};
		70D83DE02FAA7D6A0094FEF5 /* FinanceTrackerUITests */ = {
			isa = PBXFileSystemSynchronizedRootGroup;
			path = FinanceTrackerUITests;
			sourceTree = "<group>";
		};
/* End PBXFileSystemSynchronizedRootGroup section */

/* Begin PBXFrameworksBuildPhase section */
		70D83DC12FAA7D680094FEF5 /* Frameworks */ = {
			isa = PBXFrameworksBuildPhase;
			buildActionMask = 2147483647;
			files = (
			);
			runOnlyForDeploymentPostprocessing = 0;
		};
		70D83DD02FAA7D6A0094FEF5 /* Frameworks */ = {
			isa = PBXFrameworksBuildPhase;
			buildActionMask = 2147483647;
			files = (
			);
			runOnlyForDeploymentPostprocessing = 0;
		};
		70D83DDA2FAA7D6A0094FEF5 /* Frameworks */ = {
			isa = PBXFrameworksBuildPhase;
			buildActionMask = 2147483647;
			files = (
			);
			runOnlyForDeploymentPostprocessing = 0;
		};
/* End PBXFrameworksBuildPhase section */

/* Begin PBXGroup section */
		70D83DBB2FAA7D680094FEF5 = {
			isa = PBXGroup;
			children = (
				70D83DC62FAA7D680094FEF5 /* FinanceTracker */,
				70D83DD62FAA7D6A0094FEF5 /* FinanceTrackerTests */,
				70D83DE02FAA7D6A0094FEF5 /* FinanceTrackerUITests */,
				70D83DC52FAA7D680094FEF5 /* Products */,
			);
			sourceTree = "<group>";
		};
		70D83DC52FAA7D680094FEF5 /* Products */ = {
			isa = PBXGroup;
			children = (
				70D83DC42FAA7D680094FEF5 /* FinanceTracker.app */,
				70D83DD32FAA7D6A0094FEF5 /* FinanceTrackerTests.xctest */,
				70D83DDD2FAA7D6A0094FEF5 /* FinanceTrackerUITests.xctest */,
			);
			name = Products;
			sourceTree = "<group>";
		};
/* End PBXGroup section */

/* Begin PBXNativeTarget section */
		70D83DC32FAA7D680094FEF5 /* FinanceTracker */ = {
			isa = PBXNativeTarget;
			buildConfigurationList = 70D83DE72FAA7D6A0094FEF5 /* Build configuration list for PBXNativeTarget "FinanceTracker" */;
			buildPhases = (
				70D83DC02FAA7D680094FEF5 /* Sources */,
				70D83DC12FAA7D680094FEF5 /* Frameworks */,
				70D83DC22FAA7D680094FEF5 /* Resources */,
			);
			buildRules = (
			);
			dependencies = (
			);
			fileSystemSynchronizedGroups = (
				70D83DC62FAA7D680094FEF5 /* FinanceTracker */,
			);
			name = FinanceTracker;
			packageProductDependencies = (
			);
			productName = FinanceTracker;
			productReference = 70D83DC42FAA7D680094FEF5 /* FinanceTracker.app */;
			productType = "com.apple.product-type.application";
		};
		70D83DD22FAA7D6A0094FEF5 /* FinanceTrackerTests */ = {
			isa = PBXNativeTarget;
			buildConfigurationList = 70D83DEA2FAA7D6A0094FEF5 /* Build configuration list for PBXNativeTarget "FinanceTrackerTests" */;
			buildPhases = (
				70D83DCF2FAA7D6A0094FEF5 /* Sources */,
				70D83DD02FAA7D6A0094FEF5 /* Frameworks */,
				70D83DD12FAA7D6A0094FEF5 /* Resources */,
			);
			buildRules = (
			);
			dependencies = (
				70D83DD52FAA7D6A0094FEF5 /* PBXTargetDependency */,
			);
			fileSystemSynchronizedGroups = (
				70D83DD62FAA7D6A0094FEF5 /* FinanceTrackerTests */,
			);
			name = FinanceTrackerTests;
			packageProductDependencies = (
			);
			productName = FinanceTrackerTests;
			productReference = 70D83DD32FAA7D6A0094FEF5 /* FinanceTrackerTests.xctest */;
			productType = "com.apple.product-type.bundle.unit-test";
		};
		70D83DDC2FAA7D6A0094FEF5 /* FinanceTrackerUITests */ = {
			isa = PBXNativeTarget;
			buildConfigurationList = 70D83DED2FAA7D6A0094FEF5 /* Build configuration list for PBXNativeTarget "FinanceTrackerUITests" */;
			buildPhases = (
				70D83DD92FAA7D6A0094FEF5 /* Sources */,
				70D83DDA2FAA7D6A0094FEF5 /* Frameworks */,
				70D83DDB2FAA7D6A0094FEF5 /* Resources */,
			);
			buildRules = (
			);
			dependencies = (
				70D83DDF2FAA7D6A0094FEF5 /* PBXTargetDependency */,
			);
			fileSystemSynchronizedGroups = (
				70D83DE02FAA7D6A0094FEF5 /* FinanceTrackerUITests */,
			);
			name = FinanceTrackerUITests;
			packageProductDependencies = (
			);
			productName = FinanceTrackerUITests;
			productReference = 70D83DDD2FAA7D6A0094FEF5 /* FinanceTrackerUITests.xctest */;
			productType = "com.apple.product-type.bundle.ui-testing";
		};
/* End PBXNativeTarget section */

/* Begin PBXProject section */
		70D83DBC2FAA7D680094FEF5 /* Project object */ = {
			isa = PBXProject;
			attributes = {
				BuildIndependentTargetsInParallel = 1;
				LastSwiftUpdateCheck = 2640;
				LastUpgradeCheck = 2640;
				TargetAttributes = {
					70D83DC32FAA7D680094FEF5 = {
						CreatedOnToolsVersion = 26.4.1;
					};
					70D83DD22FAA7D6A0094FEF5 = {
						CreatedOnToolsVersion = 26.4.1;
						TestTargetID = 70D83DC32FAA7D680094FEF5;
					};
					70D83DDC2FAA7D6A0094FEF5 = {
						CreatedOnToolsVersion = 26.4.1;
						TestTargetID = 70D83DC32FAA7D680094FEF5;
					};
				};
			};
			buildConfigurationList = 70D83DBF2FAA7D680094FEF5 /* Build configuration list for PBXProject "FinanceTracker" */;
			developmentRegion = en;
			hasScannedForEncodings = 0;
			knownRegions = (
				en,
				Base,
			);
			mainGroup = 70D83DBB2FAA7D680094FEF5;
			minimizedProjectReferenceProxies = 1;
			preferredProjectObjectVersion = 77;
			productRefGroup = 70D83DC52FAA7D680094FEF5 /* Products */;
			projectDirPath = "";
			projectRoot = "";
			targets = (
				70D83DC32FAA7D680094FEF5 /* FinanceTracker */,
				70D83DD22FAA7D6A0094FEF5 /* FinanceTrackerTests */,
				70D83DDC2FAA7D6A0094FEF5 /* FinanceTrackerUITests */,
			);
		};
/* End PBXProject section */

/* Begin PBXResourcesBuildPhase section */
		70D83DC22FAA7D680094FEF5 /* Resources */ = {
			isa = PBXResourcesBuildPhase;
			buildActionMask = 2147483647;
			files = (
			);
			runOnlyForDeploymentPostprocessing = 0;
		};
		70D83DD12FAA7D6A0094FEF5 /* Resources */ = {
			isa = PBXResourcesBuildPhase;
			buildActionMask = 2147483647;
			files = (
			);
			runOnlyForDeploymentPostprocessing = 0;
		};
		70D83DDB2FAA7D6A0094FEF5 /* Resources */ = {
			isa = PBXResourcesBuildPhase;
			buildActionMask = 2147483647;
			files = (
			);
			runOnlyForDeploymentPostprocessing = 0;
		};
/* End PBXResourcesBuildPhase section */

/* Begin PBXSourcesBuildPhase section */
		70D83DC02FAA7D680094FEF5 /* Sources */ = {
			isa = PBXSourcesBuildPhase;
			buildActionMask = 2147483647;
			files = (
			);
			runOnlyForDeploymentPostprocessing = 0;
		};
		70D83DCF2FAA7D6A0094FEF5 /* Sources */ = {
			isa = PBXSourcesBuildPhase;
			buildActionMask = 2147483647;
			files = (
			);
			runOnlyForDeploymentPostprocessing = 0;
		};
		70D83DD92FAA7D6A0094FEF5 /* Sources */ = {
			isa = PBXSourcesBuildPhase;
			buildActionMask = 2147483647;
			files = (
			);
			runOnlyForDeploymentPostprocessing = 0;
		};
/* End PBXSourcesBuildPhase section */

/* Begin PBXTargetDependency section */
		70D83DD52FAA7D6A0094FEF5 /* PBXTargetDependency */ = {
			isa = PBXTargetDependency;
			target = 70D83DC32FAA7D680094FEF5 /* FinanceTracker */;
			targetProxy = 70D83DD42FAA7D6A0094FEF5 /* PBXContainerItemProxy */;
		};
		70D83DDF2FAA7D6A0094FEF5 /* PBXTargetDependency */ = {
			isa = PBXTargetDependency;
			target = 70D83DC32FAA7D680094FEF5 /* FinanceTracker */;
			targetProxy = 70D83DDE2FAA7D6A0094FEF5 /* PBXContainerItemProxy */;
		};
/* End PBXTargetDependency section */

/* Begin XCBuildConfiguration section */
		70D83DE52FAA7D6A0094FEF5 /* Debug */ = {
			isa = XCBuildConfiguration;
			buildSettings = {
				ALWAYS_SEARCH_USER_PATHS = NO;
				ASSETCATALOG_COMPILER_GENERATE_SWIFT_ASSET_SYMBOL_EXTENSIONS = YES;
				CLANG_ANALYZER_NONNULL = YES;
				CLANG_ANALYZER_NUMBER_OBJECT_CONVERSION = YES_AGGRESSIVE;
				CLANG_CXX_LANGUAGE_STANDARD = "gnu++20";
				CLANG_ENABLE_MODULES = YES;
				CLANG_ENABLE_OBJC_ARC = YES;
				CLANG_ENABLE_OBJC_WEAK = YES;
				CLANG_WARN_BLOCK_CAPTURE_AUTORELEASING = YES;
				CLANG_WARN_BOOL_CONVERSION = YES;
				CLANG_WARN_COMMA = YES;
				CLANG_WARN_CONSTANT_CONVERSION = YES;
				CLANG_WARN_DEPRECATED_OBJC_IMPLEMENTATIONS = YES;
				CLANG_WARN_DIRECT_OBJC_ISA_USAGE = YES_ERROR;
				CLANG_WARN_DOCUMENTATION_COMMENTS = YES;
				CLANG_WARN_EMPTY_BODY = YES;
				CLANG_WARN_ENUM_CONVERSION = YES;
				CLANG_WARN_INFINITE_RECURSION = YES;
				CLANG_WARN_INT_CONVERSION = YES;
				CLANG_WARN_NON_LITERAL_NULL_CONVERSION = YES;
				CLANG_WARN_OBJC_IMPLICIT_RETAIN_SELF = YES;
				CLANG_WARN_OBJC_LITERAL_CONVERSION = YES;
				CLANG_WARN_OBJC_ROOT_CLASS = YES_ERROR;
				CLANG_WARN_QUOTED_INCLUDE_IN_FRAMEWORK_HEADER = YES;
				CLANG_WARN_RANGE_LOOP_ANALYSIS = YES;
				CLANG_WARN_STRICT_PROTOTYPES = YES;
				CLANG_WARN_SUSPICIOUS_MOVE = YES;
				CLANG_WARN_UNGUARDED_AVAILABILITY = YES_AGGRESSIVE;
				CLANG_WARN_UNREACHABLE_CODE = YES;
				CLANG_WARN__DUPLICATE_METHOD_MATCH = YES;
				COPY_PHASE_STRIP = NO;
				DEBUG_INFORMATION_FORMAT = dwarf;
				DEVELOPMENT_TEAM = FUJ85H7AFN;
				ENABLE_STRICT_OBJC_MSGSEND = YES;
				ENABLE_TESTABILITY = YES;
				ENABLE_USER_SCRIPT_SANDBOXING = YES;
				GCC_C_LANGUAGE_STANDARD = gnu17;
				GCC_DYNAMIC_NO_PIC = NO;
				GCC_NO_COMMON_BLOCKS = YES;
				GCC_OPTIMIZATION_LEVEL = 0;
				GCC_PREPROCESSOR_DEFINITIONS = (
					"DEBUG=1",
					"$(inherited)",
				);
				GCC_WARN_64_TO_32_BIT_CONVERSION = YES;
				GCC_WARN_ABOUT_RETURN_TYPE = YES_ERROR;
				GCC_WARN_UNDECLARED_SELECTOR = YES;
				GCC_WARN_UNINITIALIZED_AUTOS = YES_AGGRESSIVE;
				GCC_WARN_UNUSED_FUNCTION = YES;
				GCC_WARN_UNUSED_VARIABLE = YES;
				IPHONEOS_DEPLOYMENT_TARGET = 26.4;
				LOCALIZATION_PREFERS_STRING_CATALOGS = YES;
				MTL_ENABLE_DEBUG_INFO = INCLUDE_SOURCE;
				MTL_FAST_MATH = YES;
				ONLY_ACTIVE_ARCH = YES;
				SDKROOT = iphoneos;
				SWIFT_ACTIVE_COMPILATION_CONDITIONS = "DEBUG $(inherited)";
				SWIFT_OPTIMIZATION_LEVEL = "-Onone";
			};
			name = Debug;
		};
		70D83DE62FAA7D6A0094FEF5 /* Release */ = {
			isa = XCBuildConfiguration;
			buildSettings = {
				ALWAYS_SEARCH_USER_PATHS = NO;
				ASSETCATALOG_COMPILER_GENERATE_SWIFT_ASSET_SYMBOL_EXTENSIONS = YES;
				CLANG_ANALYZER_NONNULL = YES;
				CLANG_ANALYZER_NUMBER_OBJECT_CONVERSION = YES_AGGRESSIVE;
				CLANG_CXX_LANGUAGE_STANDARD = "gnu++20";
				CLANG_ENABLE_MODULES = YES;
				CLANG_ENABLE_OBJC_ARC = YES;
				CLANG_ENABLE_OBJC_WEAK = YES;
				CLANG_WARN_BLOCK_CAPTURE_AUTORELEASING = YES;
				CLANG_WARN_BOOL_CONVERSION = YES;
				CLANG_WARN_COMMA = YES;
				CLANG_WARN_CONSTANT_CONVERSION = YES;
				CLANG_WARN_DEPRECATED_OBJC_IMPLEMENTATIONS = YES;
				CLANG_WARN_DIRECT_OBJC_ISA_USAGE = YES_ERROR;
				CLANG_WARN_DOCUMENTATION_COMMENTS = YES;
				CLANG_WARN_EMPTY_BODY = YES;
				CLANG_WARN_ENUM_CONVERSION = YES;
				CLANG_WARN_INFINITE_RECURSION = YES;
				CLANG_WARN_INT_CONVERSION = YES;
				CLANG_WARN_NON_LITERAL_NULL_CONVERSION = YES;
				CLANG_WARN_OBJC_IMPLICIT_RETAIN_SELF = YES;
				CLANG_WARN_OBJC_LITERAL_CONVERSION = YES;
				CLANG_WARN_OBJC_ROOT_CLASS = YES_ERROR;
				CLANG_WARN_QUOTED_INCLUDE_IN_FRAMEWORK_HEADER = YES;
				CLANG_WARN_RANGE_LOOP_ANALYSIS = YES;
				CLANG_WARN_STRICT_PROTOTYPES = YES;
				CLANG_WARN_SUSPICIOUS_MOVE = YES;
				CLANG_WARN_UNGUARDED_AVAILABILITY = YES_AGGRESSIVE;
				CLANG_WARN_UNREACHABLE_CODE = YES;
				CLANG_WARN__DUPLICATE_METHOD_MATCH = YES;
				COPY_PHASE_STRIP = NO;
				DEBUG_INFORMATION_FORMAT = "dwarf-with-dsym";
				DEVELOPMENT_TEAM = FUJ85H7AFN;
				ENABLE_NS_ASSERTIONS = NO;
				ENABLE_STRICT_OBJC_MSGSEND = YES;
				ENABLE_USER_SCRIPT_SANDBOXING = YES;
				GCC_C_LANGUAGE_STANDARD = gnu17;
				GCC_NO_COMMON_BLOCKS = YES;
				GCC_WARN_64_TO_32_BIT_CONVERSION = YES;
				GCC_WARN_ABOUT_RETURN_TYPE = YES_ERROR;
				GCC_WARN_UNDECLARED_SELECTOR = YES;
				GCC_WARN_UNINITIALIZED_AUTOS = YES_AGGRESSIVE;
				GCC_WARN_UNUSED_FUNCTION = YES;
				GCC_WARN_UNUSED_VARIABLE = YES;
				IPHONEOS_DEPLOYMENT_TARGET = 26.4;
				LOCALIZATION_PREFERS_STRING_CATALOGS = YES;
				MTL_ENABLE_DEBUG_INFO = NO;
				MTL_FAST_MATH = YES;
				SDKROOT = iphoneos;
				SWIFT_COMPILATION_MODE = wholemodule;
				VALIDATE_PRODUCT = YES;
			};
			name = Release;
		};
		70D83DE82FAA7D6A0094FEF5 /* Debug */ = {
			isa = XCBuildConfiguration;
			buildSettings = {
				ASSETCATALOG_COMPILER_APPICON_NAME = AppIcon;
				ASSETCATALOG_COMPILER_GLOBAL_ACCENT_COLOR_NAME = AccentColor;
				CODE_SIGN_STYLE = Automatic;
				CURRENT_PROJECT_VERSION = 4;
				DEVELOPMENT_TEAM = FUJ85H7AFN;
				ENABLE_PREVIEWS = YES;
				GENERATE_INFOPLIST_FILE = YES;
				INFOPLIST_KEY_UIApplicationSceneManifest_Generation = YES;
				INFOPLIST_KEY_UIApplicationSupportsIndirectInputEvents = YES;
				INFOPLIST_KEY_UILaunchScreen_Generation = YES;
				INFOPLIST_KEY_UISupportedInterfaceOrientations_iPad = "UIInterfaceOrientationPortrait UIInterfaceOrientationPortraitUpsideDown UIInterfaceOrientationLandscapeLeft UIInterfaceOrientationLandscapeRight";
				INFOPLIST_KEY_UISupportedInterfaceOrientations_iPhone = "UIInterfaceOrientationPortrait UIInterfaceOrientationLandscapeLeft UIInterfaceOrientationLandscapeRight";
				LD_RUNPATH_SEARCH_PATHS = (
					"$(inherited)",
					"@executable_path/Frameworks",
				);
				MARKETING_VERSION = 1.2.0;
				PRODUCT_BUNDLE_IDENTIFIER = com.pimprikar.FinanceTracker;
				PRODUCT_NAME = "$(TARGET_NAME)";
				STRING_CATALOG_GENERATE_SYMBOLS = YES;
				SWIFT_APPROACHABLE_CONCURRENCY = YES;
				SWIFT_DEFAULT_ACTOR_ISOLATION = MainActor;
				SWIFT_EMIT_LOC_STRINGS = YES;
				SWIFT_UPCOMING_FEATURE_MEMBER_IMPORT_VISIBILITY = YES;
				SWIFT_VERSION = 5.0;
				TARGETED_DEVICE_FAMILY = "1,2";
			};
			name = Debug;
		};
		70D83DE92FAA7D6A0094FEF5 /* Release */ = {
			isa = XCBuildConfiguration;
			buildSettings = {
				ASSETCATALOG_COMPILER_APPICON_NAME = AppIcon;
				ASSETCATALOG_COMPILER_GLOBAL_ACCENT_COLOR_NAME = AccentColor;
				CODE_SIGN_STYLE = Automatic;
				CURRENT_PROJECT_VERSION = 4;
				DEVELOPMENT_TEAM = FUJ85H7AFN;
				ENABLE_PREVIEWS = YES;
				GENERATE_INFOPLIST_FILE = YES;
				INFOPLIST_KEY_UIApplicationSceneManifest_Generation = YES;
				INFOPLIST_KEY_UIApplicationSupportsIndirectInputEvents = YES;
				INFOPLIST_KEY_UILaunchScreen_Generation = YES;
				INFOPLIST_KEY_UISupportedInterfaceOrientations_iPad = "UIInterfaceOrientationPortrait UIInterfaceOrientationPortraitUpsideDown UIInterfaceOrientationLandscapeLeft UIInterfaceOrientationLandscapeRight";
				INFOPLIST_KEY_UISupportedInterfaceOrientations_iPhone = "UIInterfaceOrientationPortrait UIInterfaceOrientationLandscapeLeft UIInterfaceOrientationLandscapeRight";
				LD_RUNPATH_SEARCH_PATHS = (
					"$(inherited)",
					"@executable_path/Frameworks",
				);
				MARKETING_VERSION = 1.2.0;
				PRODUCT_BUNDLE_IDENTIFIER = com.pimprikar.FinanceTracker;
				PRODUCT_NAME = "$(TARGET_NAME)";
				STRING_CATALOG_GENERATE_SYMBOLS = YES;
				SWIFT_APPROACHABLE_CONCURRENCY = YES;
				SWIFT_DEFAULT_ACTOR_ISOLATION = MainActor;
				SWIFT_EMIT_LOC_STRINGS = YES;
				SWIFT_UPCOMING_FEATURE_MEMBER_IMPORT_VISIBILITY = YES;
				SWIFT_VERSION = 5.0;
				TARGETED_DEVICE_FAMILY = "1,2";
			};
			name = Release;
		};
		70D83DEB2FAA7D6A0094FEF5 /* Debug */ = {
			isa = XCBuildConfiguration;
			buildSettings = {
				BUNDLE_LOADER = "$(TEST_HOST)";
				CODE_SIGN_STYLE = Automatic;
				CURRENT_PROJECT_VERSION = 4;
				DEVELOPMENT_TEAM = FUJ85H7AFN;
				GENERATE_INFOPLIST_FILE = YES;
				IPHONEOS_DEPLOYMENT_TARGET = 26.4;
				MARKETING_VERSION = 1.2.0;
				PRODUCT_BUNDLE_IDENTIFIER = com.pimprikar.FinanceTrackerTests;
				PRODUCT_NAME = "$(TARGET_NAME)";
				STRING_CATALOG_GENERATE_SYMBOLS = NO;
				SWIFT_APPROACHABLE_CONCURRENCY = YES;
				SWIFT_EMIT_LOC_STRINGS = NO;
				SWIFT_UPCOMING_FEATURE_MEMBER_IMPORT_VISIBILITY = YES;
				SWIFT_VERSION = 5.0;
				TARGETED_DEVICE_FAMILY = "1,2";
				TEST_HOST = "$(BUILT_PRODUCTS_DIR)/FinanceTracker.app/$(BUNDLE_EXECUTABLE_FOLDER_PATH)/FinanceTracker";
			};
			name = Debug;
		};
		70D83DEC2FAA7D6A0094FEF5 /* Release */ = {
			isa = XCBuildConfiguration;
			buildSettings = {
				BUNDLE_LOADER = "$(TEST_HOST)";
				CODE_SIGN_STYLE = Automatic;
				CURRENT_PROJECT_VERSION = 4;
				DEVELOPMENT_TEAM = FUJ85H7AFN;
				GENERATE_INFOPLIST_FILE = YES;
				IPHONEOS_DEPLOYMENT_TARGET = 26.4;
				MARKETING_VERSION = 1.2.0;
				PRODUCT_BUNDLE_IDENTIFIER = com.pimprikar.FinanceTrackerTests;
				PRODUCT_NAME = "$(TARGET_NAME)";
				STRING_CATALOG_GENERATE_SYMBOLS = NO;
				SWIFT_APPROACHABLE_CONCURRENCY = YES;
				SWIFT_EMIT_LOC_STRINGS = NO;
				SWIFT_UPCOMING_FEATURE_MEMBER_IMPORT_VISIBILITY = YES;
				SWIFT_VERSION = 5.0;
				TARGETED_DEVICE_FAMILY = "1,2";
				TEST_HOST = "$(BUILT_PRODUCTS_DIR)/FinanceTracker.app/$(BUNDLE_EXECUTABLE_FOLDER_PATH)/FinanceTracker";
			};
			name = Release;
		};
		70D83DEE2FAA7D6A0094FEF5 /* Debug */ = {
			isa = XCBuildConfiguration;
			buildSettings = {
				CODE_SIGN_STYLE = Automatic;
				CURRENT_PROJECT_VERSION = 4;
				DEVELOPMENT_TEAM = FUJ85H7AFN;
				GENERATE_INFOPLIST_FILE = YES;
				MARKETING_VERSION = 1.2.0;
				PRODUCT_BUNDLE_IDENTIFIER = com.pimprikar.FinanceTrackerUITests;
				PRODUCT_NAME = "$(TARGET_NAME)";
				STRING_CATALOG_GENERATE_SYMBOLS = NO;
				SWIFT_APPROACHABLE_CONCURRENCY = YES;
				SWIFT_EMIT_LOC_STRINGS = NO;
				SWIFT_UPCOMING_FEATURE_MEMBER_IMPORT_VISIBILITY = YES;
				SWIFT_VERSION = 5.0;
				TARGETED_DEVICE_FAMILY = "1,2";
				TEST_TARGET_NAME = FinanceTracker;
			};
			name = Debug;
		};
		70D83DEF2FAA7D6A0094FEF5 /* Release */ = {
			isa = XCBuildConfiguration;
			buildSettings = {
				CODE_SIGN_STYLE = Automatic;
				CURRENT_PROJECT_VERSION = 4;
				DEVELOPMENT_TEAM = FUJ85H7AFN;
				GENERATE_INFOPLIST_FILE = YES;
				MARKETING_VERSION = 1.2.0;
				PRODUCT_BUNDLE_IDENTIFIER = com.pimprikar.FinanceTrackerUITests;
				PRODUCT_NAME = "$(TARGET_NAME)";
				STRING_CATALOG_GENERATE_SYMBOLS = NO;
				SWIFT_APPROACHABLE_CONCURRENCY = YES;
				SWIFT_EMIT_LOC_STRINGS = NO;
				SWIFT_UPCOMING_FEATURE_MEMBER_IMPORT_VISIBILITY = YES;
				SWIFT_VERSION = 5.0;
				TARGETED_DEVICE_FAMILY = "1,2";
				TEST_TARGET_NAME = FinanceTracker;
			};
			name = Release;
		};
/* End XCBuildConfiguration section */

/* Begin XCConfigurationList section */
		70D83DBF2FAA7D680094FEF5 /* Build configuration list for PBXProject "FinanceTracker" */ = {
			isa = XCConfigurationList;
			buildConfigurations = (
				70D83DE52FAA7D6A0094FEF5 /* Debug */,
				70D83DE62FAA7D6A0094FEF5 /* Release */,
			);
			defaultConfigurationIsVisible = 0;
			defaultConfigurationName = Release;
		};
		70D83DE72FAA7D6A0094FEF5 /* Build configuration list for PBXNativeTarget "FinanceTracker" */ = {
			isa = XCConfigurationList;
			buildConfigurations = (
				70D83DE82FAA7D6A0094FEF5 /* Debug */,
				70D83DE92FAA7D6A0094FEF5 /* Release */,
			);
			defaultConfigurationIsVisible = 0;
			defaultConfigurationName = Release;
		};
		70D83DEA2FAA7D6A0094FEF5 /* Build configuration list for PBXNativeTarget "FinanceTrackerTests" */ = {
			isa = XCConfigurationList;
			buildConfigurations = (
				70D83DEB2FAA7D6A0094FEF5 /* Debug */,
				70D83DEC2FAA7D6A0094FEF5 /* Release */,
			);
			defaultConfigurationIsVisible = 0;
			defaultConfigurationName = Release;
		};
		70D83DED2FAA7D6A0094FEF5 /* Build configuration list for PBXNativeTarget "FinanceTrackerUITests" */ = {
			isa = XCConfigurationList;
			buildConfigurations = (
				70D83DEE2FAA7D6A0094FEF5 /* Debug */,
				70D83DEF2FAA7D6A0094FEF5 /* Release */,
			);
			defaultConfigurationIsVisible = 0;
			defaultConfigurationName = Release;
		};
/* End XCConfigurationList section */
	};
	rootObject = 70D83DBC2FAA7D680094FEF5 /* Project object */;
}
